
Microsoft Visual Studio Solution File, Format Version 12.00
# Visual Studio Version 17
VisualStudioVersion = 17.10.35004.147
MinimumVisualStudioVersion = 10.0.40219.1
Project("{FAE04EC0-301F-11D3-BF4B-00C04F79EFBC}") = "UnitTestSample", "UnitTestSample\UnitTestSample.csproj", "{3A5C38A5-C1EC-4393-BEAA-2E2DAFD60D2A}"
EndProject
Project("{FAE04EC0-301F-11D3-BF4B-00C04F79EFBC}") = "TestProjectOperation", "TestProjectOperation\TestProjectOperation.csproj", "{CF18224A-B66D-4DC6-A07F-82CB6DA42474}"
EndProject
Global
	GlobalSection(SolutionConfigurationPlatforms) = preSolution
		Debug|Any CPU = Debug|Any CPU
		Release|Any CPU = Release|Any CPU
	EndGlobalSection
	GlobalSection(ProjectConfigurationPlatforms) = postSolution
		{3A5C38A5-C1EC-4393-BEAA-2E2DAFD60D2A}.Debug|Any CPU.ActiveCfg = Debug|Any CPU
		{3A5C38A5-C1EC-4393-BEAA-2E2DAFD60D2A}.Debug|Any CPU.Build.0 = Debug|Any CPU
		{3A5C38A5-C1EC-4393-BEAA-2E2DAFD60D2A}.Release|Any CPU.ActiveCfg = Release|Any CPU
		{3A5C38A5-C1EC-4393-BEAA-2E2DAFD60D2A}.Release|Any CPU.Build.0 = Release|Any CPU
		{CF18224A-B66D-4DC6-A07F-82CB6DA42474}.Debug|Any CPU.ActiveCfg = Debug|Any CPU
		{CF18224A-B66D-4DC6-A07F-82CB6DA42474}.Debug|Any CPU.Build.0 = Debug|Any CPU
		{CF18224A-B66D-4DC6-A07F-82CB6DA42474}.Release|Any CPU.ActiveCfg = Release|Any CPU
		{CF18224A-B66D-4DC6-A07F-82CB6DA42474}.Release|Any CPU.Build.0 = Release|Any CPU
	EndGlobalSection
	GlobalSection(SolutionProperties) = preSolution
		HideSolutionNode = FALSE
	EndGlobalSection
	GlobalSection(ExtensibilityGlobals) = postSolution
		SolutionGuid = {3EA2E892-08A3-49D4-B712-BACB6FE63FC2}
	EndGlobalSection
EndGlobal
